<?xml version="1.0" encoding="utf-8"?>
<Project ToolsVersion="4.0" xmlns="http://schemas.microsoft.com/developer/msbuild/2003">
  <ItemGroup>
    <Filter Include="Source Files">
      <UniqueIdentifier>{4FC737F1-C7A5-4376-A066-2A32D752A2FF}</UniqueIdentifier>
      <Extensions>cpp;c;cc;cxx;def;odl;idl;hpj;bat;asm;asmx</Extensions>
    </Filter>
    <Filter Include="Header Files">
      <UniqueIdentifier>{93995380-89BD-4b04-88EB-625FBE52EBFB}</UniqueIdentifier>
      <Extensions>h;hpp;hxx;hm;inl;inc;xsd</Extensions>
    </Filter>
    <Filter Include="Resource Files">
      <UniqueIdentifier>{67DA6AB6-F800-4c08-8B7A-83BB121AAD01}</UniqueIdentifier>
      <Extensions>rc;ico;cur;bmp;dlg;rc2;rct;bin;rgs;gif;jpg;jpeg;jpe;resx;tiff;tif;png;wav;mfcribbon-ms</Extensions>
    </Filter>
  </ItemGroup>
  <ItemGroup>
    <ClCompile Include="main.cpp">
      <Filter>Source Files</Filter>
    </ClCompile>
    <ClCompile Include="game\Game.cpp">
      <Filter>Source Files</Filter>
    </ClCompile>
    <ClCompile Include="game\Entities\Bullets\PlayerBullet.cpp">
      <Filter>Source Files</Filter>
    </ClCompile>
    <ClCompile Include="game\Entities\Bullets\BulletEntityBase.cpp">
      <Filter>Source Files</Filter>
    </ClCompile>
    <ClCompile Include="game\GameGlobals.cpp">
      <Filter>Source Files</Filter>
    </ClCompile>
    <ClCompile Include="game\Entities\Actors\ActorEntityBase.cpp">
      <Filter>Source Files</Filter>
    </ClCompile>
    <ClCompile Include="game\Entities\Actors\PlayerEntity.cpp">
      <Filter>Source Files</Filter>
    </ClCompile>
    <ClCompile Include="game\Entities\Actors\Enemies\EnemyEntityBase.cpp">
      <Filter>Source Files</Filter>
    </ClCompile>
    <ClCompile Include="game\Entities\Actors\Enemies\EnemyBasic.cpp">
      <Filter>Source Files</Filter>
    </ClCompile>
    <ClCompile Include="game\Scenes\GameScene.cpp">
      <Filter>Source Files</Filter>
    </ClCompile>
    <ClCompile Include="game\Misc\DamageReport.cpp">
      <Filter>Source Files</Filter>
    </ClCompile>
    <ClCompile Include="game\Entities\Abilities\PlayerLash.cpp">
      <Filter>Source Files</Filter>
    </ClCompile>
    <ClCompile Include="game\Entities\Abilities\PlayerFade.cpp">
      <Filter>Source Files</Filter>
    </ClCompile>
    <ClCompile Include="game\Entities\Effects\EnergyBeam.cpp">
      <Filter>Source Files</Filter>
    </ClCompile>
    <ClCompile Include="game\Entities\Effects\PlayerSmoke.cpp">
      <Filter>Source Files</Filter>
    </ClCompile>
    <ClCompile Include="game\Entities\Actors\Enemies\EnemyRotary.cpp">
      <Filter>Source Files</Filter>
    </ClCompile>
    <ClCompile Include="game\Entities\Actors\Enemies\EnemyHugger.cpp">
      <Filter>Source Files</Filter>
    </ClCompile>
    <ClCompile Include="game\Entities\Abilities\PlayerCharge.cpp">
      <Filter>Source Files</Filter>
    </ClCompile>
    <ClCompile Include="game\Entities\Effects\ExplosionEffect.cpp">
      <Filter>Source Files</Filter>
    </ClCompile>
    <ClCompile Include="game\Entities\Effects\SecondaryExplosion.cpp">
      <Filter>Source Files</Filter>
    </ClCompile>
    <ClCompile Include="game\Entities\Bullets\EnemyBasicBullet.cpp">
      <Filter>Source Files</Filter>
    </ClCompile>
    <ClCompile Include="game\Entities\Bullets\EnemyRotaryBullet.cpp">
      <Filter>Source Files</Filter>
    </ClCompile>
    <ClCompile Include="game\Scenes\MenuScene.cpp">
      <Filter>Source Files</Filter>
    </ClCompile>
    <ClCompile Include="game\Entities\Effects\Fluxicle.cpp">
      <Filter>Source Files</Filter>
    </ClCompile>
    <ClCompile Include="game\Entities\Effects\FluxBar.cpp">
      <Filter>Source Files</Filter>
    </ClCompile>
    <ClCompile Include="game\Entities\Effects\EnergyBar.cpp">
      <Filter>Source Files</Filter>
    </ClCompile>
    <ClCompile Include="game\Entities\Bullets\EnemyHeavyBullet.cpp">
      <Filter>Source Files</Filter>
    </ClCompile>
    <ClCompile Include="game\Entities\Actors\Enemies\EnemyHeavy.cpp">
      <Filter>Source Files</Filter>
    </ClCompile>
    <ClCompile Include="game\Entities\Misc\GameMessage.cpp">
      <Filter>Source Files</Filter>
    </ClCompile>
    <ClCompile Include="game\Entities\Actors\Enemies\EnemyBossGreen.cpp">
      <Filter>Source Files</Filter>
    </ClCompile>
    <ClCompile Include="game\Entities\Actors\Enemies\EnemyBossRed.cpp">
      <Filter>Source Files</Filter>
    </ClCompile>
    <ClCompile Include="game\Entities\Actors\Enemies\EnemyLeech.cpp">
      <Filter>Source Files</Filter>
    </ClCompile>
    <ClCompile Include="game\Entities\Bullets\EnemyBossRedBullet.cpp">
      <Filter>Source Files</Filter>
    </ClCompile>
    <ClCompile Include="game\Entities\Effects\BossBar.cpp">
      <Filter>Source Files</Filter>
    </ClCompile>
  </ItemGroup>
  <ItemGroup>
    <ClInclude Include="game\Game.hpp">
      <Filter>Header Files</Filter>
    </ClInclude>
    <ClInclude Include="game\Entities\Bullets\PlayerBullet.hpp">
      <Filter>Header Files</Filter>
    </ClInclude>
    <ClInclude Include="game\Entities\Bullets\BulletEntityBase.hpp">
      <Filter>Header Files</Filter>
    </ClInclude>
    <ClInclude Include="game\GameGlobals.hpp">
      <Filter>Header Files</Filter>
    </ClInclude>
    <ClInclude Include="game\Entities\Actors\PlayerEntity.hpp">
      <Filter>Header Files</Filter>
    </ClInclude>
    <ClInclude Include="game\Entities\Actors\ActorEntityBase.hpp">
      <Filter>Header Files</Filter>
    </ClInclude>
    <ClInclude Include="game\Entities\Actors\Enemies\EnemyEntityBase.hpp">
      <Filter>Header Files</Filter>
    </ClInclude>
    <ClInclude Include="game\Entities\Actors\Enemies\EnemyBasic.hpp">
      <Filter>Header Files</Filter>
    </ClInclude>
    <ClInclude Include="game\Scenes\GameScene.hpp">
      <Filter>Header Files</Filter>
    </ClInclude>
    <ClInclude Include="game\Misc\DamageReport.hpp">
      <Filter>Header Files</Filter>
    </ClInclude>
    <ClInclude Include="game\Entities\Abilities\PlayerLash.hpp">
      <Filter>Header Files</Filter>
    </ClInclude>
    <ClInclude Include="game\Entities\Abilities\PlayerFade.hpp">
      <Filter>Header Files</Filter>
    </ClInclude>
    <ClInclude Include="game\Entities\Effects\EnergyBeam.hpp">
      <Filter>Header Files</Filter>
    </ClInclude>
    <ClInclude Include="game\Entities\Effects\PlayerSmoke.hpp">
      <Filter>Header Files</Filter>
    </ClInclude>
    <ClInclude Include="game\Entities\Actors\Enemies\EnemyRotary.hpp">
      <Filter>Header Files</Filter>
    </ClInclude>
    <ClInclude Include="game\Entities\Actors\Enemies\EnemyHugger.hpp">
      <Filter>Header Files</Filter>
    </ClInclude>
    <ClInclude Include="game\Entities\Abilities\PlayerCharge.hpp">
      <Filter>Header Files</Filter>
    </ClInclude>
    <ClInclude Include="game\Entities\Effects\ExplosionEffect.hpp">
      <Filter>Header Files</Filter>
    </ClInclude>
    <ClInclude Include="game\Entities\Effects\SecondaryExplosion.hpp">
      <Filter>Header Files</Filter>
    </ClInclude>
    <ClInclude Include="resource.h">
      <Filter>Header Files</Filter>
    </ClInclude>
    <ClInclude Include="game\Entities\Bullets\EnemyBasicBullet.hpp">
      <Filter>Header Files</Filter>
    </ClInclude>
    <ClInclude Include="game\Entities\Bullets\EnemyRotaryBullet.hpp">
      <Filter>Header Files</Filter>
    </ClInclude>
    <ClInclude Include="game\Scenes\MenuScene.hpp">
      <Filter>Header Files</Filter>
    </ClInclude>
    <ClInclude Include="game\Entities\Effects\Fluxicle.hpp">
      <Filter>Header Files</Filter>
    </ClInclude>
    <ClInclude Include="game\Entities\Effects\FluxBar.hpp">
      <Filter>Header Files</Filter>
    </ClInclude>
    <ClInclude Include="game\Entities\Effects\EnergyBar.hpp">
      <Filter>Header Files</Filter>
    </ClInclude>
    <ClInclude Include="game\Entities\Bullets\EnemyHeavyBullet.hpp">
      <Filter>Header Files</Filter>
    </ClInclude>
    <ClInclude Include="game\Entities\Actors\Enemies\EnemyHeavy.hpp">
      <Filter>Header Files</Filter>
    </ClInclude>
    <ClInclude Include="game\Entities\Misc\GameMessage.hpp">
      <Filter>Header Files</Filter>
    </ClInclude>
    <ClInclude Include="game\Entities\Actors\Enemies\EnemyBossGreen.hpp">
      <Filter>Header Files</Filter>
    </ClInclude>
    <ClInclude Include="game\Entities\Actors\Enemies\EnemyBossRed.hpp">
      <Filter>Header Files</Filter>
    </ClInclude>
    <ClInclude Include="game\Entities\Actors\Enemies\EnemyLeech.hpp">
      <Filter>Header Files</Filter>
    </ClInclude>
    <ClInclude Include="game\Entities\Bullets\EnemyBossRedBullet.hpp">
      <Filter>Header Files</Filter>
    </ClInclude>
    <ClInclude Include="game\Entities\Effects\BossBar.hpp">
      <Filter>Header Files</Filter>
    </ClInclude>
  </ItemGroup>
  <ItemGroup>
    <ResourceCompile Include="spacegame.rc">
      <Filter>Resource Files</Filter>
    </ResourceCompile>
  </ItemGroup>
  <ItemGroup>
    <None Include="icon1.ico">
      <Filter>Resource Files</Filter>
    </None>
  </ItemGroup>
</Project>